
Microsoft Visual Studio Solution File, Format Version 12.00
# Visual Studio 2012
Project("{FAE04EC0-301F-11D3-BF4B-00C04F79EFBC}") = "MvcApplication4", "MvcApplication4\MvcApplication4.csproj", "{8221444F-369D-4855-B8B7-257A04F3A4D9}"
EndProject
Project("{FAE04EC0-301F-11D3-BF4B-00C04F79EFBC}") = "DAL", "DAL\DAL.csproj", "{0843F602-DF06-4ABE-A475-DAB7C4537BF9}"
EndProject
Project("{FAE04EC0-301F-11D3-BF4B-00C04F79EFBC}") = "Repository", "Repository\Repository.csproj", "{22BCB4B6-D301-4D37-B73B-7B294E6F9C24}"
EndProject
Global
	GlobalSection(SolutionConfigurationPlatforms) = preSolution
		Debug|Any CPU = Debug|Any CPU
		Release|Any CPU = Release|Any CPU
	EndGlobalSection
	GlobalSection(ProjectConfigurationPlatforms) = postSolution
		{8221444F-369D-4855-B8B7-257A04F3A4D9}.Debug|Any CPU.ActiveCfg = Debug|Any CPU
		{8221444F-369D-4855-B8B7-257A04F3A4D9}.Debug|Any CPU.Build.0 = Debug|Any CPU
		{8221444F-369D-4855-B8B7-257A04F3A4D9}.Release|Any CPU.ActiveCfg = Release|Any CPU
		{8221444F-369D-4855-B8B7-257A04F3A4D9}.Release|Any CPU.Build.0 = Release|Any CPU
		{0843F602-DF06-4ABE-A475-DAB7C4537BF9}.Debug|Any CPU.ActiveCfg = Debug|Any CPU
		{0843F602-DF06-4ABE-A475-DAB7C4537BF9}.Debug|Any CPU.Build.0 = Debug|Any CPU
		{0843F602-DF06-4ABE-A475-DAB7C4537BF9}.Release|Any CPU.ActiveCfg = Release|Any CPU
		{0843F602-DF06-4ABE-A475-DAB7C4537BF9}.Release|Any CPU.Build.0 = Release|Any CPU
		{22BCB4B6-D301-4D37-B73B-7B294E6F9C24}.Debug|Any CPU.ActiveCfg = Debug|Any CPU
		{22BCB4B6-D301-4D37-B73B-7B294E6F9C24}.Debug|Any CPU.Build.0 = Debug|Any CPU
		{22BCB4B6-D301-4D37-B73B-7B294E6F9C24}.Release|Any CPU.ActiveCfg = Release|Any CPU
		{22BCB4B6-D301-4D37-B73B-7B294E6F9C24}.Release|Any CPU.Build.0 = Release|Any CPU
	EndGlobalSection
	GlobalSection(SolutionProperties) = preSolution
		HideSolutionNode = FALSE
	EndGlobalSection
EndGlobal
